{
  "nodes": {
    "cmp-buffer": {
      "flake": false,
      "locked": {
        "lastModified": 1630563990,
        "narHash": "sha256-lLP6gnuSN/tJiJ1sb2u6Xm5G2P59pz6tnOGDRfbivjk=",
        "owner": "hrsh7th",
        "repo": "cmp-buffer",
        "rev": "5dde5430757696be4169ad409210cf5088554ed6",
        "type": "github"
      },
      "original": {
        "owner": "hrsh7th",
        "repo": "cmp-buffer",
        "type": "github"
      }
    },
    "dracula-nvim": {
      "flake": false,
      "locked": {
        "lastModified": 1633916009,
        "narHash": "sha256-+7tLwLBLozrm1Fit8z3fwoG4+iJWLjbA6VjnrM4eRvE=",
        "owner": "Mofiqul",
        "repo": "dracula.nvim",
        "rev": "328e6993bea9e117551a7338e06d71fe4a1bc533",
        "type": "github"
      },
      "original": {
        "owner": "Mofiqul",
        "repo": "dracula.nvim",
        "type": "github"
      }
    },
    "flake-utils": {
      "locked": {
        "lastModified": 1610051610,
        "narHash": "sha256-U9rPz/usA1/Aohhk7Cmc2gBrEEKRzcW4nwPWMPwja4Y=",
        "owner": "numtide",
        "repo": "flake-utils",
        "rev": "3982c9903e93927c2164caa727cd3f6a0e6d14cc",
        "type": "github"
      },
      "original": {
        "owner": "numtide",
        "repo": "flake-utils",
        "type": "github"
      }
    },
    "flake-utils_2": {
      "locked": {
        "lastModified": 1623875721,
        "narHash": "sha256-A8BU7bjS5GirpAUv4QA+QnJ4CceLHkcXdRp4xITDB0s=",
        "owner": "numtide",
        "repo": "flake-utils",
        "rev": "f7e004a55b120c02ecb6219596820fcd32ca8772",
        "type": "github"
      },
      "original": {
        "owner": "numtide",
        "repo": "flake-utils",
        "type": "github"
      }
    },
    "home-manager": {
      "inputs": {
        "nixpkgs": [
          "nixpkgs"
        ]
      },
      "locked": {
        "lastModified": 1633596850,
        "narHash": "sha256-5+qVLYvfOropjLAvpQs/APtD8eYnEIbAd9a36lGHZM0=",
        "owner": "nix-community",
        "repo": "home-manager",
        "rev": "49695f33aac22358b59e49c94fe6472218e5d766",
        "type": "github"
      },
      "original": {
        "owner": "nix-community",
        "ref": "release-21.05",
        "repo": "home-manager",
        "type": "github"
      }
    },
    "neovim": {
      "inputs": {
        "flake-utils": "flake-utils",
        "nixpkgs": [
          "nixpkgs"
        ]
      },
      "locked": {
        "dir": "contrib",
        "lastModified": 1630063592,
        "narHash": "sha256-wwayK0MMlp3ISzkX5bZ8lNNKngWM29MnwSHU2eTOhLU=",
        "owner": "neovim",
        "repo": "neovim",
        "rev": "88336851ee1e9c3982195592ae2fc145ecfd3369",
        "type": "github"
      },
      "original": {
        "dir": "contrib",
        "owner": "neovim",
        "repo": "neovim",
        "rev": "88336851ee1e9c3982195592ae2fc145ecfd3369",
        "type": "github"
      }
    },
    "nix-bundler": {
      "inputs": {
        "nixpkgs": [
          "nixpkgs"
        ]
      },
      "locked": {
        "lastModified": 1626704917,
        "narHash": "sha256-cJ73kxY5ZCPWQeQZyCSdvkBqjqJkU5wgETBNaXfqF18=",
        "owner": "matthewbauer",
        "repo": "nix-bundle",
        "rev": "223f4ffc4179aa318c34dc873a08cb00090db829",
        "type": "github"
      },
      "original": {
        "owner": "matthewbauer",
        "repo": "nix-bundle",
        "type": "github"
      }
    },
    "nix-utils": {
      "inputs": {
        "flake-utils": "flake-utils_2",
        "nixpkgs": [
          "nixpkgs"
        ]
      },
      "locked": {
        "lastModified": 1629320623,
        "narHash": "sha256-9G8zo+0nfYAALV5umCyQR/2hVUFNH10JropBkyxZGGw=",
        "owner": "tomberek",
        "repo": "nix-utils",
        "rev": "484ffb709d32cfbf1c93df33fca5ce77f9a399da",
        "type": "github"
      },
      "original": {
        "owner": "tomberek",
        "repo": "nix-utils",
        "type": "github"
      }
    },
    "nixpkgs": {
      "locked": {
        "lastModified": 1634139026,
        "narHash": "sha256-RSRz6cBOkhhXTmhEN7bz3u/DhKoO0P1OWbCEbDFmbi4=",
        "owner": "NixOS",
        "repo": "nixpkgs",
        "rev": "f1220d72a3a06b0fbac1999b5c8a097d1d10cc0f",
        "type": "github"
      },
      "original": {
        "owner": "NixOS",
        "ref": "master",
        "repo": "nixpkgs",
        "type": "github"
      }
    },
    "nvim-cmp": {
      "flake": false,
      "locked": {
        "lastModified": 1634127247,
        "narHash": "sha256-Cz20X1ICBjGXI2g170/oTdfSELOWc2BYjCQ5q0pDWj8=",
        "owner": "hrsh7th",
        "repo": "nvim-cmp",
        "rev": "f5393d5bd934428a469f03f5bc225922f8c48367",
        "type": "github"
      },
      "original": {
        "owner": "hrsh7th",
        "repo": "nvim-cmp",
        "type": "github"
      }
    },
    "nvim-cmp-lsp": {
      "flake": false,
      "locked": {
        "lastModified": 1633004104,
        "narHash": "sha256-vfL4OXpufc3lN3SGJsV1T4xOa5wyn05GdYRSms6VpAs=",
        "owner": "hrsh7th",
        "repo": "cmp-nvim-lsp",
        "rev": "f93a6cf9761b096ff2c28a4f0defe941a6ffffb5",
        "type": "github"
      },
      "original": {
        "owner": "hrsh7th",
        "repo": "cmp-nvim-lsp",
        "type": "github"
      }
    },
    "root": {
      "inputs": {
        "cmp-buffer": "cmp-buffer",
        "dracula-nvim": "dracula-nvim",
        "home-manager": "home-manager",
        "neovim": "neovim",
        "nix-bundler": "nix-bundler",
        "nix-utils": "nix-utils",
        "nixpkgs": "nixpkgs",
        "nvim-cmp": "nvim-cmp",
        "nvim-cmp-lsp": "nvim-cmp-lsp",
        "telescope-src": "telescope-src"
      }
    },
    "telescope-src": {
      "flake": false,
      "locked": {
        "lastModified": 1634073462,
        "narHash": "sha256-0I/iu1V7SqGgrzMfeZ0HbKM0/ygMT9+iXJq2CiMorZs=",
        "owner": "nvim-telescope",
        "repo": "telescope.nvim",
        "rev": "b5c63c6329cff8dd8e23047eecd1f581379f1587",
        "type": "github"
      },
      "original": {
        "owner": "nvim-telescope",
        "repo": "telescope.nvim",
        "rev": "b5c63c6329cff8dd8e23047eecd1f581379f1587",
        "type": "github"
      }
    }
  },
  "root": "root",
  "version": 7
}
